
Microsoft Visual Studio Solution File, Format Version 12.00
# Visual Studio Version 16
VisualStudioVersion = 16.0.32126.315
MinimumVisualStudioVersion = 10.0.40219.1
Project("{9A19103F-16F7-4668-BE54-9A1E7A4F7556}") = "laba2", "laba2\laba2.csproj", "{489B11D1-BEF4-4260-83E2-8F6BB91233F5}"
EndProject
Project("{FAE04EC0-301F-11D3-BF4B-00C04F79EFBC}") = "zavd1", "zavd1\zavd1.csproj", "{DA3DA3B0-EE51-4B31-94F3-76A8FFEBF43E}"
EndProject
Global
	GlobalSection(SolutionConfigurationPlatforms) = preSolution
		Debug|Any CPU = Debug|Any CPU
		Release|Any CPU = Release|Any CPU
	EndGlobalSection
	GlobalSection(ProjectConfigurationPlatforms) = postSolution
		{489B11D1-BEF4-4260-83E2-8F6BB91233F5}.Debug|Any CPU.ActiveCfg = Debug|Any CPU
		{489B11D1-BEF4-4260-83E2-8F6BB91233F5}.Debug|Any CPU.Build.0 = Debug|Any CPU
		{489B11D1-BEF4-4260-83E2-8F6BB91233F5}.Release|Any CPU.ActiveCfg = Release|Any CPU
		{489B11D1-BEF4-4260-83E2-8F6BB91233F5}.Release|Any CPU.Build.0 = Release|Any CPU
		{DA3DA3B0-EE51-4B31-94F3-76A8FFEBF43E}.Debug|Any CPU.ActiveCfg = Debug|Any CPU
		{DA3DA3B0-EE51-4B31-94F3-76A8FFEBF43E}.Debug|Any CPU.Build.0 = Debug|Any CPU
		{DA3DA3B0-EE51-4B31-94F3-76A8FFEBF43E}.Release|Any CPU.ActiveCfg = Release|Any CPU
		{DA3DA3B0-EE51-4B31-94F3-76A8FFEBF43E}.Release|Any CPU.Build.0 = Release|Any CPU
	EndGlobalSection
	GlobalSection(SolutionProperties) = preSolution
		HideSolutionNode = FALSE
	EndGlobalSection
	GlobalSection(ExtensibilityGlobals) = postSolution
		SolutionGuid = {1CC5F2F3-1B3A-4BF5-A8C2-5D498DB97223}
	EndGlobalSection
EndGlobal
